
Microsoft Visual Studio Solution File, Format Version 12.00
# Visual Studio Version 17
VisualStudioVersion = 17.7.34031.279
MinimumVisualStudioVersion = 10.0.40219.1
Project("{9A19103F-16F7-4668-BE54-9A1E7A4F7556}") = "CastGroupAPI", "CastGroupAPI\CastGroupAPI.csproj", "{3A72515A-69CB-487E-9944-DEED5135C018}"
EndProject
Project("{2150E333-8FDC-42A3-9474-1A3956D46DE8}") = "1 - Services", "1 - Services", "{B6B81B86-FF61-4C6E-88C0-1004587E010D}"
EndProject
Project("{2150E333-8FDC-42A3-9474-1A3956D46DE8}") = "2 - Application", "2 - Application", "{CF240520-97BE-44C9-816B-0700E89CF6BE}"
EndProject
Project("{9A19103F-16F7-4668-BE54-9A1E7A4F7556}") = "Application", "Application\Application.csproj", "{9F9D7E2A-30B7-4D98-A558-333BF06A58FE}"
EndProject
Project("{2150E333-8FDC-42A3-9474-1A3956D46DE8}") = "3 - Infra", "3 - Infra", "{8D0C2671-DD3E-415D-82C8-18F7A090472D}"
EndProject
Project("{2150E333-8FDC-42A3-9474-1A3956D46DE8}") = "3.1 - Data", "3.1 - Data", "{0A04E128-8B76-4466-BC8B-39D929BCB314}"
EndProject
Project("{9A19103F-16F7-4668-BE54-9A1E7A4F7556}") = "Infra.Data", "Infra.Data\Infra.Data.csproj", "{AB48FB85-BEED-4995-96CD-A6AB9AB9313F}"
EndProject
Project("{2150E333-8FDC-42A3-9474-1A3956D46DE8}") = "3.2 - CrossCutting", "3.2 - CrossCutting", "{D54D25C6-156F-4E12-B8C3-3F927F05F46A}"
EndProject
Project("{9A19103F-16F7-4668-BE54-9A1E7A4F7556}") = "Infra.CrossCutting", "Infra.CrossCutting\Infra.CrossCutting.csproj", "{9C5C1341-BF12-4548-90F7-2559E4801913}"
EndProject
Project("{2150E333-8FDC-42A3-9474-1A3956D46DE8}") = "4 - Test", "4 - Test", "{91AF5224-0A5D-4B6F-B0DC-70FC08C967F9}"
EndProject
Project("{9A19103F-16F7-4668-BE54-9A1E7A4F7556}") = "Tests", "Tests\Tests.csproj", "{ABC6E7AB-F5D6-4F12-BEFE-E30936C6CB99}"
EndProject
Global
	GlobalSection(SolutionConfigurationPlatforms) = preSolution
		Debug|Any CPU = Debug|Any CPU
		Release|Any CPU = Release|Any CPU
	EndGlobalSection
	GlobalSection(ProjectConfigurationPlatforms) = postSolution
		{3A72515A-69CB-487E-9944-DEED5135C018}.Debug|Any CPU.ActiveCfg = Debug|Any CPU
		{3A72515A-69CB-487E-9944-DEED5135C018}.Debug|Any CPU.Build.0 = Debug|Any CPU
		{3A72515A-69CB-487E-9944-DEED5135C018}.Release|Any CPU.ActiveCfg = Release|Any CPU
		{3A72515A-69CB-487E-9944-DEED5135C018}.Release|Any CPU.Build.0 = Release|Any CPU
		{9F9D7E2A-30B7-4D98-A558-333BF06A58FE}.Debug|Any CPU.ActiveCfg = Debug|Any CPU
		{9F9D7E2A-30B7-4D98-A558-333BF06A58FE}.Debug|Any CPU.Build.0 = Debug|Any CPU
		{9F9D7E2A-30B7-4D98-A558-333BF06A58FE}.Release|Any CPU.ActiveCfg = Release|Any CPU
		{9F9D7E2A-30B7-4D98-A558-333BF06A58FE}.Release|Any CPU.Build.0 = Release|Any CPU
		{AB48FB85-BEED-4995-96CD-A6AB9AB9313F}.Debug|Any CPU.ActiveCfg = Debug|Any CPU
		{AB48FB85-BEED-4995-96CD-A6AB9AB9313F}.Debug|Any CPU.Build.0 = Debug|Any CPU
		{AB48FB85-BEED-4995-96CD-A6AB9AB9313F}.Release|Any CPU.ActiveCfg = Release|Any CPU
		{AB48FB85-BEED-4995-96CD-A6AB9AB9313F}.Release|Any CPU.Build.0 = Release|Any CPU
		{9C5C1341-BF12-4548-90F7-2559E4801913}.Debug|Any CPU.ActiveCfg = Debug|Any CPU
		{9C5C1341-BF12-4548-90F7-2559E4801913}.Debug|Any CPU.Build.0 = Debug|Any CPU
		{9C5C1341-BF12-4548-90F7-2559E4801913}.Release|Any CPU.ActiveCfg = Release|Any CPU
		{9C5C1341-BF12-4548-90F7-2559E4801913}.Release|Any CPU.Build.0 = Release|Any CPU
		{ABC6E7AB-F5D6-4F12-BEFE-E30936C6CB99}.Debug|Any CPU.ActiveCfg = Debug|Any CPU
		{ABC6E7AB-F5D6-4F12-BEFE-E30936C6CB99}.Debug|Any CPU.Build.0 = Debug|Any CPU
		{ABC6E7AB-F5D6-4F12-BEFE-E30936C6CB99}.Release|Any CPU.ActiveCfg = Release|Any CPU
		{ABC6E7AB-F5D6-4F12-BEFE-E30936C6CB99}.Release|Any CPU.Build.0 = Release|Any CPU
	EndGlobalSection
	GlobalSection(SolutionProperties) = preSolution
		HideSolutionNode = FALSE
	EndGlobalSection
	GlobalSection(NestedProjects) = preSolution
		{3A72515A-69CB-487E-9944-DEED5135C018} = {B6B81B86-FF61-4C6E-88C0-1004587E010D}
		{9F9D7E2A-30B7-4D98-A558-333BF06A58FE} = {CF240520-97BE-44C9-816B-0700E89CF6BE}
		{0A04E128-8B76-4466-BC8B-39D929BCB314} = {8D0C2671-DD3E-415D-82C8-18F7A090472D}
		{AB48FB85-BEED-4995-96CD-A6AB9AB9313F} = {0A04E128-8B76-4466-BC8B-39D929BCB314}
		{D54D25C6-156F-4E12-B8C3-3F927F05F46A} = {8D0C2671-DD3E-415D-82C8-18F7A090472D}
		{9C5C1341-BF12-4548-90F7-2559E4801913} = {D54D25C6-156F-4E12-B8C3-3F927F05F46A}
		{ABC6E7AB-F5D6-4F12-BEFE-E30936C6CB99} = {91AF5224-0A5D-4B6F-B0DC-70FC08C967F9}
	EndGlobalSection
	GlobalSection(ExtensibilityGlobals) = postSolution
		SolutionGuid = {5C67C778-728C-4C85-A0B9-D0D15B3A4F5D}
	EndGlobalSection
EndGlobal
